
Microsoft Visual Studio Solution File, Format Version 12.00
# Visual Studio Version 16
VisualStudioVersion = 16.0.30611.23
MinimumVisualStudioVersion = 10.0.40219.1
Project("{FAE04EC0-301F-11D3-BF4B-00C04F79EFBC}") = "WpfApp1", "WpfApp1\WpfApp1.csproj", "{15060577-42E1-4C2B-831F-C46C1246DEB8}"
EndProject
Global
	GlobalSection(SolutionConfigurationPlatforms) = preSolution
		Debug|Any CPU = Debug|Any CPU
		Release|Any CPU = Release|Any CPU
	EndGlobalSection
	GlobalSection(ProjectConfigurationPlatforms) = postSolution
		{15060577-42E1-4C2B-831F-C46C1246DEB8}.Debug|Any CPU.ActiveCfg = Debug|Any CPU
		{15060577-42E1-4C2B-831F-C46C1246DEB8}.Debug|Any CPU.Build.0 = Debug|Any CPU
		{15060577-42E1-4C2B-831F-C46C1246DEB8}.Release|Any CPU.ActiveCfg = Release|Any CPU
		{15060577-42E1-4C2B-831F-C46C1246DEB8}.Release|Any CPU.Build.0 = Release|Any CPU
	EndGlobalSection
	GlobalSection(SolutionProperties) = preSolution
		HideSolutionNode = FALSE
	EndGlobalSection
	GlobalSection(ExtensibilityGlobals) = postSolution
		SolutionGuid = {240637F2-573A-4C53-A4AD-0C264B475523}
	EndGlobalSection
EndGlobal
