
Microsoft Visual Studio Solution File, Format Version 12.00
# Visual Studio Version 16
VisualStudioVersion = 16.0.30611.23
MinimumVisualStudioVersion = 10.0.40219.1
Project("{FAE04EC0-301F-11D3-BF4B-00C04F79EFBC}") = "CMPE312 Lab Work Q1", "CMPE312 Lab Work Q1.csproj", "{B6938B41-9013-441C-BFBB-625A4EEF600A}"
EndProject
Global
	GlobalSection(SolutionConfigurationPlatforms) = preSolution
		Debug|Any CPU = Debug|Any CPU
		Release|Any CPU = Release|Any CPU
	EndGlobalSection
	GlobalSection(ProjectConfigurationPlatforms) = postSolution
		{B6938B41-9013-441C-BFBB-625A4EEF600A}.Debug|Any CPU.ActiveCfg = Debug|Any CPU
		{B6938B41-9013-441C-BFBB-625A4EEF600A}.Debug|Any CPU.Build.0 = Debug|Any CPU
		{B6938B41-9013-441C-BFBB-625A4EEF600A}.Release|Any CPU.ActiveCfg = Release|Any CPU
		{B6938B41-9013-441C-BFBB-625A4EEF600A}.Release|Any CPU.Build.0 = Release|Any CPU
	EndGlobalSection
	GlobalSection(SolutionProperties) = preSolution
		HideSolutionNode = FALSE
	EndGlobalSection
	GlobalSection(ExtensibilityGlobals) = postSolution
		SolutionGuid = {E249F9B3-2686-4982-BF03-3533611DAFA9}
	EndGlobalSection
EndGlobal
