
Microsoft Visual Studio Solution File, Format Version 12.00
# Visual Studio Version 16
VisualStudioVersion = 16.0.30611.23
MinimumVisualStudioVersion = 10.0.40219.1
Project("{FAE04EC0-301F-11D3-BF4B-00C04F79EFBC}") = "WindowsFormsApp5", "WindowsFormsApp5\WindowsFormsApp5.csproj", "{0121694F-F10C-4B5D-A874-822AE9006631}"
EndProject
Global
	GlobalSection(SolutionConfigurationPlatforms) = preSolution
		Debug|Any CPU = Debug|Any CPU
		Release|Any CPU = Release|Any CPU
	EndGlobalSection
	GlobalSection(ProjectConfigurationPlatforms) = postSolution
		{0121694F-F10C-4B5D-A874-822AE9006631}.Debug|Any CPU.ActiveCfg = Debug|Any CPU
		{0121694F-F10C-4B5D-A874-822AE9006631}.Debug|Any CPU.Build.0 = Debug|Any CPU
		{0121694F-F10C-4B5D-A874-822AE9006631}.Release|Any CPU.ActiveCfg = Release|Any CPU
		{0121694F-F10C-4B5D-A874-822AE9006631}.Release|Any CPU.Build.0 = Release|Any CPU
	EndGlobalSection
	GlobalSection(SolutionProperties) = preSolution
		HideSolutionNode = FALSE
	EndGlobalSection
	GlobalSection(ExtensibilityGlobals) = postSolution
		SolutionGuid = {FB150252-A85A-42A2-B22E-C2E560B389DE}
	EndGlobalSection
EndGlobal
