
Microsoft Visual Studio Solution File, Format Version 12.00
# Visual Studio Version 16
VisualStudioVersion = 16.0.30611.23
MinimumVisualStudioVersion = 10.0.40219.1
Project("{8BC9CEB8-8B4A-11D0-8D11-00A0C91BC942}") = "CMPE225 HW2", "CMPE225 HW2.vcxproj", "{021F0762-D441-4A28-AA50-3F693DDCFC61}"
EndProject
Global
	GlobalSection(SolutionConfigurationPlatforms) = preSolution
		Debug|x64 = Debug|x64
		Debug|x86 = Debug|x86
		Release|x64 = Release|x64
		Release|x86 = Release|x86
	EndGlobalSection
	GlobalSection(ProjectConfigurationPlatforms) = postSolution
		{021F0762-D441-4A28-AA50-3F693DDCFC61}.Debug|x64.ActiveCfg = Debug|x64
		{021F0762-D441-4A28-AA50-3F693DDCFC61}.Debug|x64.Build.0 = Debug|x64
		{021F0762-D441-4A28-AA50-3F693DDCFC61}.Debug|x86.ActiveCfg = Debug|Win32
		{021F0762-D441-4A28-AA50-3F693DDCFC61}.Debug|x86.Build.0 = Debug|Win32
		{021F0762-D441-4A28-AA50-3F693DDCFC61}.Release|x64.ActiveCfg = Release|x64
		{021F0762-D441-4A28-AA50-3F693DDCFC61}.Release|x64.Build.0 = Release|x64
		{021F0762-D441-4A28-AA50-3F693DDCFC61}.Release|x86.ActiveCfg = Release|Win32
		{021F0762-D441-4A28-AA50-3F693DDCFC61}.Release|x86.Build.0 = Release|Win32
	EndGlobalSection
	GlobalSection(SolutionProperties) = preSolution
		HideSolutionNode = FALSE
	EndGlobalSection
	GlobalSection(ExtensibilityGlobals) = postSolution
		SolutionGuid = {F64239E7-AFB9-4678-9DA4-9CA0B98022D9}
	EndGlobalSection
EndGlobal
