
Microsoft Visual Studio Solution File, Format Version 12.00
# Visual Studio Version 16
VisualStudioVersion = 16.0.30611.23
MinimumVisualStudioVersion = 10.0.40219.1
Project("{FAE04EC0-301F-11D3-BF4B-00C04F79EFBC}") = "CMPE312 Lab 4-2", "CMPE312 Lab 4-2\CMPE312 Lab 4-2.csproj", "{AF3EA428-AADD-4784-AEE7-5978B2AFFF69}"
EndProject
Global
	GlobalSection(SolutionConfigurationPlatforms) = preSolution
		Debug|Any CPU = Debug|Any CPU
		Release|Any CPU = Release|Any CPU
	EndGlobalSection
	GlobalSection(ProjectConfigurationPlatforms) = postSolution
		{AF3EA428-AADD-4784-AEE7-5978B2AFFF69}.Debug|Any CPU.ActiveCfg = Debug|Any CPU
		{AF3EA428-AADD-4784-AEE7-5978B2AFFF69}.Debug|Any CPU.Build.0 = Debug|Any CPU
		{AF3EA428-AADD-4784-AEE7-5978B2AFFF69}.Release|Any CPU.ActiveCfg = Release|Any CPU
		{AF3EA428-AADD-4784-AEE7-5978B2AFFF69}.Release|Any CPU.Build.0 = Release|Any CPU
	EndGlobalSection
	GlobalSection(SolutionProperties) = preSolution
		HideSolutionNode = FALSE
	EndGlobalSection
	GlobalSection(ExtensibilityGlobals) = postSolution
		SolutionGuid = {57C3216D-DEE0-4EC9-8EAC-A61201491521}
	EndGlobalSection
EndGlobal
